
Microsoft Visual Studio Solution File, Format Version 12.00
# Visual Studio Version 17
VisualStudioVersion = 17.7.34024.191
MinimumVisualStudioVersion = 10.0.40219.1
Project("{9A19103F-16F7-4668-BE54-9A1E7A4F7556}") = "Session1", "Session1\Session1.csproj", "{8D4478D1-CC3C-423D-8FA1-C01BA4C5D25E}"
EndProject
Project("{9A19103F-16F7-4668-BE54-9A1E7A4F7556}") = "Repository", "Repository\Repository.csproj", "{3CC618EB-2504-44EC-83C9-AFA7D1D9D57A}"
EndProject
Global
	GlobalSection(SolutionConfigurationPlatforms) = preSolution
		Debug|Any CPU = Debug|Any CPU
		Release|Any CPU = Release|Any CPU
	EndGlobalSection
	GlobalSection(ProjectConfigurationPlatforms) = postSolution
		{8D4478D1-CC3C-423D-8FA1-C01BA4C5D25E}.Debug|Any CPU.ActiveCfg = Debug|Any CPU
		{8D4478D1-CC3C-423D-8FA1-C01BA4C5D25E}.Debug|Any CPU.Build.0 = Debug|Any CPU
		{8D4478D1-CC3C-423D-8FA1-C01BA4C5D25E}.Release|Any CPU.ActiveCfg = Release|Any CPU
		{8D4478D1-CC3C-423D-8FA1-C01BA4C5D25E}.Release|Any CPU.Build.0 = Release|Any CPU
		{3CC618EB-2504-44EC-83C9-AFA7D1D9D57A}.Debug|Any CPU.ActiveCfg = Debug|Any CPU
		{3CC618EB-2504-44EC-83C9-AFA7D1D9D57A}.Debug|Any CPU.Build.0 = Debug|Any CPU
		{3CC618EB-2504-44EC-83C9-AFA7D1D9D57A}.Release|Any CPU.ActiveCfg = Release|Any CPU
		{3CC618EB-2504-44EC-83C9-AFA7D1D9D57A}.Release|Any CPU.Build.0 = Release|Any CPU
	EndGlobalSection
	GlobalSection(SolutionProperties) = preSolution
		HideSolutionNode = FALSE
	EndGlobalSection
	GlobalSection(ExtensibilityGlobals) = postSolution
		SolutionGuid = {1E97D4CA-9760-4001-951C-36A50A35B746}
	EndGlobalSection
EndGlobal
